<?xml version="1.0" encoding="UTF-8" standalone="yes" ?>
<CodeBlocks_project_file>
	<FileVersion major="1" minor="6" />
	<Project>
		<Option title="Beryllium10" />
		<Option pch_mode="2" />
		<Option compiler="gcc" />
		<Build>
			<Target title="Debug">
				<Option output="../binary/Beryllium10d" prefix_auto="1" extension_auto="1" />
				<Option working_dir="../binary/" />
				<Option object_output="obj/debug/" />
				<Option type="1" />
				<Option compiler="gcc" />
				<Option projectLinkerOptionsRelation="2" />
				<Compiler>
					<Add option="-std=c++17" />
					<Add option="-g" />
					<Add option="`/usr/local/bin/wx-config  --version=3.0 --static=yes --unicode=yes --debug=yes --cflags`" />
					<Add option="-D_DEBUG" />
				</Compiler>
				<Linker>
					<Add option="`/usr/local/bin/wx-config  --version=3.0 --static=yes --unicode=yes --debug=yes --libs`" />
					<Add option="-no-pie" />
				</Linker>
			</Target>
			<Target title="Release">
				<Option output="../binary/Beryllium10" prefix_auto="1" extension_auto="1" />
				<Option working_dir="../binary/" />
				<Option object_output="obj/Release/" />
				<Option type="0" />
				<Option compiler="gcc" />
				<Option projectLinkerOptionsRelation="2" />
				<Compiler>
					<Add option="-O2" />
					<Add option="-std=c++17" />
					<Add option="`/usr/local/bin/wx-config  --version=3.0 --static=yes --unicode=yes --debug=no --cflags`" />
				</Compiler>
				<Linker>
					<Add option="-s" />
					<Add option="`/usr/local/bin/wx-config  --version=3.0 --static=yes --unicode=yes --debug=no --libs`" />
					<Add option="-no-pie" />
				</Linker>
			</Target>
		</Build>
		<Compiler>
			<Add option="-Wall" />
		</Compiler>
		<Unit filename="../code/autobuild.h" />
		<Unit filename="../code/berylliumapplication.cpp" />
		<Unit filename="../code/berylliumapplication.h" />
		<Unit filename="../code/berylliummainframe.cpp" />
		<Unit filename="../code/berylliummainframe.h" />
		<Unit filename="../code/berylliummainframe_identifiers.h" />
		<Unit filename="../code/berylliumviewmanager.cpp" />
		<Unit filename="../code/berylliumviewmanager.h" />
		<Unit filename="../code/betool.cpp" />
		<Unit filename="../code/betool.h" />
		<Unit filename="../code/datahandling/berylliumdata.cpp" />
		<Unit filename="../code/datahandling/berylliumdata.h" />
		<Unit filename="../code/datahandling/berylliumdatalibrary.cpp" />
		<Unit filename="../code/datahandling/berylliumdatalibrary.h" />
		<Unit filename="../code/datahandling/berylliumdocument.cpp" />
		<Unit filename="../code/datahandling/berylliumdocument.h" />
		<Unit filename="../code/datahandling/berylliumstatement.cpp" />
		<Unit filename="../code/datahandling/berylliumstatement.h" />
		<Unit filename="../code/datahandling/berylliumstatementsmanager.cpp" />
		<Unit filename="../code/datahandling/berylliumstatementsmanager.h" />
		<Unit filename="../code/datahandling/berylliumsubstancedata.cpp" />
		<Unit filename="../code/datahandling/berylliumsubstancedata.h" />
		<Unit filename="../code/datahandling/berylliumviewdatasheets.cpp" />
		<Unit filename="../code/datahandling/berylliumviewdatasheets.h" />
		<Unit filename="../code/datahandling/berylliumviewdatasheetsprinting.cpp" />
		<Unit filename="../code/datahandling/berylliumviewdatasheetsprinting.h" />
		<Unit filename="../code/datahandling/berylliumviewsafetysheets.cpp" />
		<Unit filename="../code/datahandling/berylliumviewsafetysheets.h" />
		<Unit filename="../code/datahandling/berylliumviewsafetysheetscolumn.cpp" />
		<Unit filename="../code/datahandling/berylliumviewsafetysheetscolumn.h" />
		<Unit filename="../code/datahandling/berylliumviewsafetysheetsprinting.cpp" />
		<Unit filename="../code/datahandling/berylliumviewsafetysheetsprinting.h" />
		<Unit filename="../code/dialoge/berylliuminfodialog.cpp" />
		<Unit filename="../code/dialoge/berylliuminfodialog.h" />
		<Unit filename="../code/dialoge/berylliumlethaldialog.cpp" />
		<Unit filename="../code/dialoge/berylliumlethaldialog.h" />
		<Unit filename="../code/dialoge/berylliummultiplierdialog.cpp" />
		<Unit filename="../code/dialoge/berylliummultiplierdialog.h" />
		<Unit filename="../code/dialoge/berylliumoptionsdialog.cpp" />
		<Unit filename="../code/dialoge/berylliumoptionsdialog.h" />
		<Unit filename="../code/dialoge/berylliumphraseselector.cpp" />
		<Unit filename="../code/dialoge/berylliumphraseselector.h" />
		<Unit filename="../code/dialoge/berylliumsafetysheetsgeneral.cpp" />
		<Unit filename="../code/dialoge/berylliumsafetysheetsgeneral.h" />
		<Unit filename="../code/dialoge/berylliumstatementeditor.cpp" />
		<Unit filename="../code/dialoge/berylliumstatementeditor.h" />
		<Unit filename="../code/dialoge/berylliumsubstanceproperties.cpp" />
		<Unit filename="../code/dialoge/berylliumsubstanceproperties.h" />
		<Unit filename="../code/dialoge/berylliumsubstancesearchdialog.cpp" />
		<Unit filename="../code/dialoge/berylliumsubstancesearchdialog.h" />
		<Unit filename="../code/dialoge/berylliumviewsafetysheetsproperties.cpp" />
		<Unit filename="../code/dialoge/berylliumviewsafetysheetsproperties.h" />
		<Unit filename="../code/interfaces/iobserver.cpp" />
		<Unit filename="../code/interfaces/iobserver.h" />
		<Unit filename="../code/interfaces/iprovider.cpp" />
		<Unit filename="../code/interfaces/iprovider.h" />
		<Unit filename="../code/interfaces/iview.cpp" />
		<Unit filename="../code/interfaces/iview.h" />
		<Unit filename="../code/misc/berylliumbreakout.cpp" />
		<Unit filename="../code/misc/berylliumbreakout.h" />
		<Unit filename="../code/misc/berylliumbreakoutdialog.cpp" />
		<Unit filename="../code/misc/berylliumbreakoutdialog.h" />
		<Unit filename="../code/provider/berylliumprovidergestis.cpp" />
		<Unit filename="../code/provider/berylliumprovidergestis.h" />
		<Unit filename="../code/provider/berylliumproviderlocal.cpp" />
		<Unit filename="../code/provider/berylliumproviderlocal.h" />
		<Unit filename="../code/provider/berylliumprovidermerck.cpp" />
		<Unit filename="../code/provider/berylliumprovidermerck.h" />
		<Unit filename="../code/provider/berylliumproviderwiki.cpp" />
		<Unit filename="../code/provider/berylliumproviderwiki.h" />
		<Unit filename="../code/stdafx.cpp" />
		<Unit filename="../code/stdafx.h" />
		<Extensions>
			<code_completion />
			<debugger />
		</Extensions>
	</Project>
</CodeBlocks_project_file>
